
Microsoft Visual Studio Solution File, Format Version 12.00
# Visual Studio Version 17
VisualStudioVersion = 17.10.35122.118
MinimumVisualStudioVersion = 10.0.40219.1
Project("{FAE04EC0-301F-11D3-BF4B-00C04F79EFBC}") = "RailenginePoweredStatusPage", "RailenginePoweredStatusPage.csproj", "{B8DD1C94-F2B5-4183-9FED-9ABC883CFA50}"
EndProject
Global
	GlobalSection(SolutionConfigurationPlatforms) = preSolution
		Debug|Any CPU = Debug|Any CPU
		Release|Any CPU = Release|Any CPU
	EndGlobalSection
	GlobalSection(ProjectConfigurationPlatforms) = postSolution
		{B8DD1C94-F2B5-4183-9FED-9ABC883CFA50}.Debug|Any CPU.ActiveCfg = Debug|Any CPU
		{B8DD1C94-F2B5-4183-9FED-9ABC883CFA50}.Debug|Any CPU.Build.0 = Debug|Any CPU
		{B8DD1C94-F2B5-4183-9FED-9ABC883CFA50}.Release|Any CPU.ActiveCfg = Release|Any CPU
		{B8DD1C94-F2B5-4183-9FED-9ABC883CFA50}.Release|Any CPU.Build.0 = Release|Any CPU
	EndGlobalSection
	GlobalSection(SolutionProperties) = preSolution
		HideSolutionNode = FALSE
	EndGlobalSection
	GlobalSection(ExtensibilityGlobals) = postSolution
		SolutionGuid = {63C4A898-DC79-4258-9B09-FF9ED957ADD6}
	EndGlobalSection
EndGlobal
